// !$*UTF8*$!
{
	archiveVersion = 1;
	classes = {
	};
	objectVersion = 46;
	objects = {

/* Begin PBXBuildFile section */
		165C68FB1D5BFD1500D33266 /* GoogleService-Info.plist in Resources */ = {isa = PBXBuildFile; fileRef = 165C68FA1D5BFD1500D33266 /* GoogleService-Info.plist */; };
		165C69071D5C179500D33266 /* FancyView.swift in Sources */ = {isa = PBXBuildFile; fileRef = 165C69061D5C179500D33266 /* FancyView.swift */; };
		165C69091D5C190500D33266 /* Constants.swift in Sources */ = {isa = PBXBuildFile; fileRef = 165C69081D5C190500D33266 /* Constants.swift */; };
		165C690D1D5C20E400D33266 /* FancyFieldtextBox.swift in Sources */ = {isa = PBXBuildFile; fileRef = 165C690C1D5C20E400D33266 /* FancyFieldtextBox.swift */; };
		165C690F1D5C275B00D33266 /* RoundBtn.swift in Sources */ = {isa = PBXBuildFile; fileRef = 165C690E1D5C275B00D33266 /* RoundBtn.swift */; };
		165C69111D5C27BE00D33266 /* RoundBtnNoShadow.swift in Sources */ = {isa = PBXBuildFile; fileRef = 165C69101D5C27BE00D33266 /* RoundBtnNoShadow.swift */; };
		165C69131D5C282B00D33266 /* CircleView.swift in Sources */ = {isa = PBXBuildFile; fileRef = 165C69121D5C282B00D33266 /* CircleView.swift */; };
		165C69151D5C285200D33266 /* CircleViewWithBorder.swift in Sources */ = {isa = PBXBuildFile; fileRef = 165C69141D5C285200D33266 /* CircleViewWithBorder.swift */; };
		16C257611D5BFC3C003EACF8 /* AppDelegate.swift in Sources */ = {isa = PBXBuildFile; fileRef = 16C257601D5BFC3C003EACF8 /* AppDelegate.swift */; };
		16C257631D5BFC3C003EACF8 /* ViewController.swift in Sources */ = {isa = PBXBuildFile; fileRef = 16C257621D5BFC3C003EACF8 /* ViewController.swift */; };
		16C257661D5BFC3C003EACF8 /* Main.storyboard in Resources */ = {isa = PBXBuildFile; fileRef = 16C257641D5BFC3C003EACF8 /* Main.storyboard */; };
		16C257681D5BFC3C003EACF8 /* Assets.xcassets in Resources */ = {isa = PBXBuildFile; fileRef = 16C257671D5BFC3C003EACF8 /* Assets.xcassets */; };
		16C2576B1D5BFC3C003EACF8 /* LaunchScreen.storyboard in Resources */ = {isa = PBXBuildFile; fileRef = 16C257691D5BFC3C003EACF8 /* LaunchScreen.storyboard */; };
		D6E9EB6AE46C084B509BAE38 /* Pods_sosocialapp.framework in Frameworks */ = {isa = PBXBuildFile; fileRef = 23714C7E8908C2F7527A8A4F /* Pods_sosocialapp.framework */; };
/* End PBXBuildFile section */

/* Begin PBXFileReference section */
		165C68FA1D5BFD1500D33266 /* GoogleService-Info.plist */ = {isa = PBXFileReference; fileEncoding = 4; lastKnownFileType = text.plist.xml; path = "GoogleService-Info.plist"; sourceTree = "<group>"; };
		165C69061D5C179500D33266 /* FancyView.swift */ = {isa = PBXFileReference; fileEncoding = 4; lastKnownFileType = sourcecode.swift; path = FancyView.swift; sourceTree = "<group>"; };
		165C69081D5C190500D33266 /* Constants.swift */ = {isa = PBXFileReference; fileEncoding = 4; lastKnownFileType = sourcecode.swift; path = Constants.swift; sourceTree = "<group>"; };
		165C690C1D5C20E400D33266 /* FancyFieldtextBox.swift */ = {isa = PBXFileReference; fileEncoding = 4; lastKnownFileType = sourcecode.swift; path = FancyFieldtextBox.swift; sourceTree = "<group>"; };
		165C690E1D5C275B00D33266 /* RoundBtn.swift */ = {isa = PBXFileReference; fileEncoding = 4; lastKnownFileType = sourcecode.swift; path = RoundBtn.swift; sourceTree = "<group>"; };
		165C69101D5C27BE00D33266 /* RoundBtnNoShadow.swift */ = {isa = PBXFileReference; fileEncoding = 4; lastKnownFileType = sourcecode.swift; path = RoundBtnNoShadow.swift; sourceTree = "<group>"; };
		165C69121D5C282B00D33266 /* CircleView.swift */ = {isa = PBXFileReference; fileEncoding = 4; lastKnownFileType = sourcecode.swift; path = CircleView.swift; sourceTree = "<group>"; };
		165C69141D5C285200D33266 /* CircleViewWithBorder.swift */ = {isa = PBXFileReference; fileEncoding = 4; lastKnownFileType = sourcecode.swift; path = CircleViewWithBorder.swift; sourceTree = "<group>"; };
		16C2575D1D5BFC3C003EACF8 /* sosocialapp.app */ = {isa = PBXFileReference; explicitFileType = wrapper.application; includeInIndex = 0; path = sosocialapp.app; sourceTree = BUILT_PRODUCTS_DIR; };
		16C257601D5BFC3C003EACF8 /* AppDelegate.swift */ = {isa = PBXFileReference; lastKnownFileType = sourcecode.swift; path = AppDelegate.swift; sourceTree = "<group>"; };
		16C257621D5BFC3C003EACF8 /* ViewController.swift */ = {isa = PBXFileReference; lastKnownFileType = sourcecode.swift; path = ViewController.swift; sourceTree = "<group>"; };
		16C257651D5BFC3C003EACF8 /* Base */ = {isa = PBXFileReference; lastKnownFileType = file.storyboard; name = Base; path = Base.lproj/Main.storyboard; sourceTree = "<group>"; };
		16C257671D5BFC3C003EACF8 /* Assets.xcassets */ = {isa = PBXFileReference; lastKnownFileType = folder.assetcatalog; path = Assets.xcassets; sourceTree = "<group>"; };
		16C2576A1D5BFC3C003EACF8 /* Base */ = {isa = PBXFileReference; lastKnownFileType = file.storyboard; name = Base; path = Base.lproj/LaunchScreen.storyboard; sourceTree = "<group>"; };
		16C2576C1D5BFC3C003EACF8 /* Info.plist */ = {isa = PBXFileReference; lastKnownFileType = text.plist.xml; path = Info.plist; sourceTree = "<group>"; };
		23714C7E8908C2F7527A8A4F /* Pods_sosocialapp.framework */ = {isa = PBXFileReference; explicitFileType = wrapper.framework; includeInIndex = 0; path = Pods_sosocialapp.framework; sourceTree = BUILT_PRODUCTS_DIR; };
		398B14B0A7CF95713BC7B280 /* Pods-sosocialapp.release.xcconfig */ = {isa = PBXFileReference; includeInIndex = 1; lastKnownFileType = text.xcconfig; name = "Pods-sosocialapp.release.xcconfig"; path = "Pods/Target Support Files/Pods-sosocialapp/Pods-sosocialapp.release.xcconfig"; sourceTree = "<group>"; };
		3F4DE3EF53BFFE833C755485 /* Pods-sosocialapp.debug.xcconfig */ = {isa = PBXFileReference; includeInIndex = 1; lastKnownFileType = text.xcconfig; name = "Pods-sosocialapp.debug.xcconfig"; path = "Pods/Target Support Files/Pods-sosocialapp/Pods-sosocialapp.debug.xcconfig"; sourceTree = "<group>"; };
/* End PBXFileReference section */

/* Begin PBXFrameworksBuildPhase section */
		16C2575A1D5BFC3C003EACF8 /* Frameworks */ = {
			isa = PBXFrameworksBuildPhase;
			buildActionMask = 2147483647;
			files = (
				D6E9EB6AE46C084B509BAE38 /* Pods_sosocialapp.framework in Frameworks */,
			);
			runOnlyForDeploymentPostprocessing = 0;
		};
/* End PBXFrameworksBuildPhase section */

/* Begin PBXGroup section */
		165C68FC1D5C16E400D33266 /* Util */ = {
			isa = PBXGroup;
			children = (
				165C69081D5C190500D33266 /* Constants.swift */,
			);
			name = Util;
			sourceTree = "<group>";
		};
		165C68FD1D5C16EE00D33266 /* Model */ = {
			isa = PBXGroup;
			children = (
			);
			name = Model;
			sourceTree = "<group>";
		};
		165C68FE1D5C16FB00D33266 /* Controller */ = {
			isa = PBXGroup;
			children = (
			);
			name = Controller;
			sourceTree = "<group>";
		};
		165C68FF1D5C170300D33266 /* View */ = {
			isa = PBXGroup;
			children = (
				165C69061D5C179500D33266 /* FancyView.swift */,
				165C690C1D5C20E400D33266 /* FancyFieldtextBox.swift */,
				165C690E1D5C275B00D33266 /* RoundBtn.swift */,
				165C69101D5C27BE00D33266 /* RoundBtnNoShadow.swift */,
				165C69121D5C282B00D33266 /* CircleView.swift */,
				165C69141D5C285200D33266 /* CircleViewWithBorder.swift */,
			);
			name = View;
			sourceTree = "<group>";
		};
		16C257541D5BFC3C003EACF8 = {
			isa = PBXGroup;
			children = (
				16C2575F1D5BFC3C003EACF8 /* sosocialapp */,
				16C2575E1D5BFC3C003EACF8 /* Products */,
				972B971C6D884D95AE5B6784 /* Pods */,
				6CE663C76A138F1D3CB1A350 /* Frameworks */,
			);
			sourceTree = "<group>";
		};
		16C2575E1D5BFC3C003EACF8 /* Products */ = {
			isa = PBXGroup;
			children = (
				16C2575D1D5BFC3C003EACF8 /* sosocialapp.app */,
			);
			name = Products;
			sourceTree = "<group>";
		};
		16C2575F1D5BFC3C003EACF8 /* sosocialapp */ = {
			isa = PBXGroup;
			children = (
				165C68FF1D5C170300D33266 /* View */,
				165C68FE1D5C16FB00D33266 /* Controller */,
				165C68FD1D5C16EE00D33266 /* Model */,
				165C68FC1D5C16E400D33266 /* Util */,
				16C257601D5BFC3C003EACF8 /* AppDelegate.swift */,
				16C257621D5BFC3C003EACF8 /* ViewController.swift */,
				16C257641D5BFC3C003EACF8 /* Main.storyboard */,
				16C257671D5BFC3C003EACF8 /* Assets.xcassets */,
				16C257691D5BFC3C003EACF8 /* LaunchScreen.storyboard */,
				16C2576C1D5BFC3C003EACF8 /* Info.plist */,
				165C68FA1D5BFD1500D33266 /* GoogleService-Info.plist */,
			);
			path = sosocialapp;
			sourceTree = "<group>";
		};
		6CE663C76A138F1D3CB1A350 /* Frameworks */ = {
			isa = PBXGroup;
			children = (
				23714C7E8908C2F7527A8A4F /* Pods_sosocialapp.framework */,
			);
			name = Frameworks;
			sourceTree = "<group>";
		};
		972B971C6D884D95AE5B6784 /* Pods */ = {
			isa = PBXGroup;
			children = (
				3F4DE3EF53BFFE833C755485 /* Pods-sosocialapp.debug.xcconfig */,
				398B14B0A7CF95713BC7B280 /* Pods-sosocialapp.release.xcconfig */,
			);
			name = Pods;
			sourceTree = "<group>";
		};
/* End PBXGroup section */

/* Begin PBXNativeTarget section */
		16C2575C1D5BFC3C003EACF8 /* sosocialapp */ = {
			isa = PBXNativeTarget;
			buildConfigurationList = 16C2576F1D5BFC3C003EACF8 /* Build configuration list for PBXNativeTarget "sosocialapp" */;
			buildPhases = (
				11C5225D0DDA93BEA864E77F /* [CP] Check Pods Manifest.lock */,
				16C257591D5BFC3C003EACF8 /* Sources */,
				16C2575A1D5BFC3C003EACF8 /* Frameworks */,
				16C2575B1D5BFC3C003EACF8 /* Resources */,
				92D2CB20179ABF4447633DD1 /* [CP] Embed Pods Frameworks */,
				6F34BB0CDE23DFDE10BA923E /* [CP] Copy Pods Resources */,
			);
			buildRules = (
			);
			dependencies = (
			);
			name = sosocialapp;
			productName = sosocialapp;
			productReference = 16C2575D1D5BFC3C003EACF8 /* sosocialapp.app */;
			productType = "com.apple.product-type.application";
		};
/* End PBXNativeTarget section */

/* Begin PBXProject section */
		16C257551D5BFC3C003EACF8 /* Project object */ = {
			isa = PBXProject;
			attributes = {
				LastSwiftUpdateCheck = 0730;
				LastUpgradeCheck = 0730;
				ORGANIZATIONNAME = mobiledez;
				TargetAttributes = {
					16C2575C1D5BFC3C003EACF8 = {
						CreatedOnToolsVersion = 7.3.1;
						DevelopmentTeam = 4A75URGD22;
					};
				};
			};
			buildConfigurationList = 16C257581D5BFC3C003EACF8 /* Build configuration list for PBXProject "sosocialapp" */;
			compatibilityVersion = "Xcode 3.2";
			developmentRegion = English;
			hasScannedForEncodings = 0;
			knownRegions = (
				en,
				Base,
			);
			mainGroup = 16C257541D5BFC3C003EACF8;
			productRefGroup = 16C2575E1D5BFC3C003EACF8 /* Products */;
			projectDirPath = "";
			projectRoot = "";
			targets = (
				16C2575C1D5BFC3C003EACF8 /* sosocialapp */,
			);
		};
/* End PBXProject section */

/* Begin PBXResourcesBuildPhase section */
		16C2575B1D5BFC3C003EACF8 /* Resources */ = {
			isa = PBXResourcesBuildPhase;
			buildActionMask = 2147483647;
			files = (
				16C2576B1D5BFC3C003EACF8 /* LaunchScreen.storyboard in Resources */,
				165C68FB1D5BFD1500D33266 /* GoogleService-Info.plist in Resources */,
				16C257681D5BFC3C003EACF8 /* Assets.xcassets in Resources */,
				16C257661D5BFC3C003EACF8 /* Main.storyboard in Resources */,
			);
			runOnlyForDeploymentPostprocessing = 0;
		};
/* End PBXResourcesBuildPhase section */

/* Begin PBXShellScriptBuildPhase section */
		11C5225D0DDA93BEA864E77F /* [CP] Check Pods Manifest.lock */ = {
			isa = PBXShellScriptBuildPhase;
			buildActionMask = 2147483647;
			files = (
			);
			inputPaths = (
			);
			name = "[CP] Check Pods Manifest.lock";
			outputPaths = (
			);
			runOnlyForDeploymentPostprocessing = 0;
			shellPath = /bin/sh;
			shellScript = "diff \"${PODS_ROOT}/../Podfile.lock\" \"${PODS_ROOT}/Manifest.lock\" > /dev/null\nif [[ $? != 0 ]] ; then\n    cat << EOM\nerror: The sandbox is not in sync with the Podfile.lock. Run 'pod install' or update your CocoaPods installation.\nEOM\n    exit 1\nfi\n";
			showEnvVarsInLog = 0;
		};
		6F34BB0CDE23DFDE10BA923E /* [CP] Copy Pods Resources */ = {
			isa = PBXShellScriptBuildPhase;
			buildActionMask = 2147483647;
			files = (
			);
			inputPaths = (
			);
			name = "[CP] Copy Pods Resources";
			outputPaths = (
			);
			runOnlyForDeploymentPostprocessing = 0;
			shellPath = /bin/sh;
			shellScript = "\"${SRCROOT}/Pods/Target Support Files/Pods-sosocialapp/Pods-sosocialapp-resources.sh\"\n";
			showEnvVarsInLog = 0;
		};
		92D2CB20179ABF4447633DD1 /* [CP] Embed Pods Frameworks */ = {
			isa = PBXShellScriptBuildPhase;
			buildActionMask = 2147483647;
			files = (
			);
			inputPaths = (
			);
			name = "[CP] Embed Pods Frameworks";
			outputPaths = (
			);
			runOnlyForDeploymentPostprocessing = 0;
			shellPath = /bin/sh;
			shellScript = "\"${SRCROOT}/Pods/Target Support Files/Pods-sosocialapp/Pods-sosocialapp-frameworks.sh\"\n";
			showEnvVarsInLog = 0;
		};
/* End PBXShellScriptBuildPhase section */

/* Begin PBXSourcesBuildPhase section */
		16C257591D5BFC3C003EACF8 /* Sources */ = {
			isa = PBXSourcesBuildPhase;
			buildActionMask = 2147483647;
			files = (
				165C69151D5C285200D33266 /* CircleViewWithBorder.swift in Sources */,
				165C69131D5C282B00D33266 /* CircleView.swift in Sources */,
				165C69111D5C27BE00D33266 /* RoundBtnNoShadow.swift in Sources */,
				16C257631D5BFC3C003EACF8 /* ViewController.swift in Sources */,
				16C257611D5BFC3C003EACF8 /* AppDelegate.swift in Sources */,
				165C69071D5C179500D33266 /* FancyView.swift in Sources */,
				165C690F1D5C275B00D33266 /* RoundBtn.swift in Sources */,
				165C690D1D5C20E400D33266 /* FancyFieldtextBox.swift in Sources */,
				165C69091D5C190500D33266 /* Constants.swift in Sources */,
			);
			runOnlyForDeploymentPostprocessing = 0;
		};
/* End PBXSourcesBuildPhase section */

/* Begin PBXVariantGroup section */
		16C257641D5BFC3C003EACF8 /* Main.storyboard */ = {
			isa = PBXVariantGroup;
			children = (
				16C257651D5BFC3C003EACF8 /* Base */,
			);
			name = Main.storyboard;
			sourceTree = "<group>";
		};
		16C257691D5BFC3C003EACF8 /* LaunchScreen.storyboard */ = {
			isa = PBXVariantGroup;
			children = (
				16C2576A1D5BFC3C003EACF8 /* Base */,
			);
			name = LaunchScreen.storyboard;
			sourceTree = "<group>";
		};
/* End PBXVariantGroup section */

/* Begin XCBuildConfiguration section */
		16C2576D1D5BFC3C003EACF8 /* Debug */ = {
			isa = XCBuildConfiguration;
			buildSettings = {
				ALWAYS_SEARCH_USER_PATHS = NO;
				CLANG_ANALYZER_NONNULL = YES;
				CLANG_CXX_LANGUAGE_STANDARD = "gnu++0x";
				CLANG_CXX_LIBRARY = "libc++";
				CLANG_ENABLE_MODULES = YES;
				CLANG_ENABLE_OBJC_ARC = YES;
				CLANG_WARN_BOOL_CONVERSION = YES;
				CLANG_WARN_CONSTANT_CONVERSION = YES;
				CLANG_WARN_DIRECT_OBJC_ISA_USAGE = YES_ERROR;
				CLANG_WARN_EMPTY_BODY = YES;
				CLANG_WARN_ENUM_CONVERSION = YES;
				CLANG_WARN_INT_CONVERSION = YES;
				CLANG_WARN_OBJC_ROOT_CLASS = YES_ERROR;
				CLANG_WARN_UNREACHABLE_CODE = YES;
				CLANG_WARN__DUPLICATE_METHOD_MATCH = YES;
				"CODE_SIGN_IDENTITY[sdk=iphoneos*]" = "iPhone Developer";
				COPY_PHASE_STRIP = NO;
				DEBUG_INFORMATION_FORMAT = dwarf;
				ENABLE_STRICT_OBJC_MSGSEND = YES;
				ENABLE_TESTABILITY = YES;
				GCC_C_LANGUAGE_STANDARD = gnu99;
				GCC_DYNAMIC_NO_PIC = NO;
				GCC_NO_COMMON_BLOCKS = YES;
				GCC_OPTIMIZATION_LEVEL = 0;
				GCC_PREPROCESSOR_DEFINITIONS = (
					"DEBUG=1",
					"$(inherited)",
				);
				GCC_WARN_64_TO_32_BIT_CONVERSION = YES;
				GCC_WARN_ABOUT_RETURN_TYPE = YES_ERROR;
				GCC_WARN_UNDECLARED_SELECTOR = YES;
				GCC_WARN_UNINITIALIZED_AUTOS = YES_AGGRESSIVE;
				GCC_WARN_UNUSED_FUNCTION = YES;
				GCC_WARN_UNUSED_VARIABLE = YES;
				IPHONEOS_DEPLOYMENT_TARGET = 9.3;
				MTL_ENABLE_DEBUG_INFO = YES;
				ONLY_ACTIVE_ARCH = YES;
				SDKROOT = iphoneos;
				SWIFT_OPTIMIZATION_LEVEL = "-Onone";
			};
			name = Debug;
		};
		16C2576E1D5BFC3C003EACF8 /* Release */ = {
			isa = XCBuildConfiguration;
			buildSettings = {
				ALWAYS_SEARCH_USER_PATHS = NO;
				CLANG_ANALYZER_NONNULL = YES;
				CLANG_CXX_LANGUAGE_STANDARD = "gnu++0x";
				CLANG_CXX_LIBRARY = "libc++";
				CLANG_ENABLE_MODULES = YES;
				CLANG_ENABLE_OBJC_ARC = YES;
				CLANG_WARN_BOOL_CONVERSION = YES;
				CLANG_WARN_CONSTANT_CONVERSION = YES;
				CLANG_WARN_DIRECT_OBJC_ISA_USAGE = YES_ERROR;
				CLANG_WARN_EMPTY_BODY = YES;
				CLANG_WARN_ENUM_CONVERSION = YES;
				CLANG_WARN_INT_CONVERSION = YES;
				CLANG_WARN_OBJC_ROOT_CLASS = YES_ERROR;
				CLANG_WARN_UNREACHABLE_CODE = YES;
				CLANG_WARN__DUPLICATE_METHOD_MATCH = YES;
				"CODE_SIGN_IDENTITY[sdk=iphoneos*]" = "iPhone Developer";
				COPY_PHASE_STRIP = NO;
				DEBUG_INFORMATION_FORMAT = "dwarf-with-dsym";
				ENABLE_NS_ASSERTIONS = NO;
				ENABLE_STRICT_OBJC_MSGSEND = YES;
				GCC_C_LANGUAGE_STANDARD = gnu99;
				GCC_NO_COMMON_BLOCKS = YES;
				GCC_WARN_64_TO_32_BIT_CONVERSION = YES;
				GCC_WARN_ABOUT_RETURN_TYPE = YES_ERROR;
				GCC_WARN_UNDECLARED_SELECTOR = YES;
				GCC_WARN_UNINITIALIZED_AUTOS = YES_AGGRESSIVE;
				GCC_WARN_UNUSED_FUNCTION = YES;
				GCC_WARN_UNUSED_VARIABLE = YES;
				IPHONEOS_DEPLOYMENT_TARGET = 9.3;
				MTL_ENABLE_DEBUG_INFO = NO;
				SDKROOT = iphoneos;
				VALIDATE_PRODUCT = YES;
			};
			name = Release;
		};
		16C257701D5BFC3C003EACF8 /* Debug */ = {
			isa = XCBuildConfiguration;
			baseConfigurationReference = 3F4DE3EF53BFFE833C755485 /* Pods-sosocialapp.debug.xcconfig */;
			buildSettings = {
				ASSETCATALOG_COMPILER_APPICON_NAME = AppIcon;
				CODE_SIGN_IDENTITY = "iPhone Developer";
				INFOPLIST_FILE = sosocialapp/Info.plist;
				IPHONEOS_DEPLOYMENT_TARGET = 9.0;
				LD_RUNPATH_SEARCH_PATHS = "$(inherited) @executable_path/Frameworks";
				PRODUCT_BUNDLE_IDENTIFIER = com.mobiledez.sosocialapp;
				PRODUCT_NAME = "$(TARGET_NAME)";
			};
			name = Debug;
		};
		16C257711D5BFC3C003EACF8 /* Release */ = {
			isa = XCBuildConfiguration;
			baseConfigurationReference = 398B14B0A7CF95713BC7B280 /* Pods-sosocialapp.release.xcconfig */;
			buildSettings = {
				ASSETCATALOG_COMPILER_APPICON_NAME = AppIcon;
				CODE_SIGN_IDENTITY = "iPhone Developer";
				INFOPLIST_FILE = sosocialapp/Info.plist;
				IPHONEOS_DEPLOYMENT_TARGET = 9.0;
				LD_RUNPATH_SEARCH_PATHS = "$(inherited) @executable_path/Frameworks";
				PRODUCT_BUNDLE_IDENTIFIER = com.mobiledez.sosocialapp;
				PRODUCT_NAME = "$(TARGET_NAME)";
			};
			name = Release;
		};
/* End XCBuildConfiguration section */

/* Begin XCConfigurationList section */
		16C257581D5BFC3C003EACF8 /* Build configuration list for PBXProject "sosocialapp" */ = {
			isa = XCConfigurationList;
			buildConfigurations = (
				16C2576D1D5BFC3C003EACF8 /* Debug */,
				16C2576E1D5BFC3C003EACF8 /* Release */,
			);
			defaultConfigurationIsVisible = 0;
			defaultConfigurationName = Release;
		};
		16C2576F1D5BFC3C003EACF8 /* Build configuration list for PBXNativeTarget "sosocialapp" */ = {
			isa = XCConfigurationList;
			buildConfigurations = (
				16C257701D5BFC3C003EACF8 /* Debug */,
				16C257711D5BFC3C003EACF8 /* Release */,
			);
			defaultConfigurationIsVisible = 0;
			defaultConfigurationName = Release;
		};
/* End XCConfigurationList section */
	};
	rootObject = 16C257551D5BFC3C003EACF8 /* Project object */;
}
